
Microsoft Visual Studio Solution File, Format Version 12.00
# Visual Studio Version 17
VisualStudioVersion = 17.7.34031.279
MinimumVisualStudioVersion = 10.0.40219.1
Project("{FAE04EC0-301F-11D3-BF4B-00C04F79EFBC}") = "Modul10.Practice", "Modul10.Practice\Modul10.Practice.csproj", "{7AF19AC3-0952-4204-86F9-C36DF7E29124}"
EndProject
Global
	GlobalSection(SolutionConfigurationPlatforms) = preSolution
		Debug|Any CPU = Debug|Any CPU
		Release|Any CPU = Release|Any CPU
	EndGlobalSection
	GlobalSection(ProjectConfigurationPlatforms) = postSolution
		{7AF19AC3-0952-4204-86F9-C36DF7E29124}.Debug|Any CPU.ActiveCfg = Debug|Any CPU
		{7AF19AC3-0952-4204-86F9-C36DF7E29124}.Debug|Any CPU.Build.0 = Debug|Any CPU
		{7AF19AC3-0952-4204-86F9-C36DF7E29124}.Release|Any CPU.ActiveCfg = Release|Any CPU
		{7AF19AC3-0952-4204-86F9-C36DF7E29124}.Release|Any CPU.Build.0 = Release|Any CPU
	EndGlobalSection
	GlobalSection(SolutionProperties) = preSolution
		HideSolutionNode = FALSE
	EndGlobalSection
	GlobalSection(ExtensibilityGlobals) = postSolution
		SolutionGuid = {5FD0BF17-E2D4-4C2B-B69C-7631A2132915}
	EndGlobalSection
EndGlobal
